// !$*UTF8*$!
{
	archiveVersion = 1;
	classes = {
	};
	objectVersion = 46;
	objects = {

/* Begin PBXBuildFile section */
		845CF1A123E18DCB00B32580 /* AppDelegate.swift in Sources */ = {isa = PBXBuildFile; fileRef = 845CF1A023E18DCB00B32580 /* AppDelegate.swift */; };
		845CF1A323E18DCB00B32580 /* ViewController.swift in Sources */ = {isa = PBXBuildFile; fileRef = 845CF1A223E18DCB00B32580 /* ViewController.swift */; };
		845CF1A623E18DCB00B32580 /* Main.storyboard in Resources */ = {isa = PBXBuildFile; fileRef = 845CF1A423E18DCB00B32580 /* Main.storyboard */; };
		845CF1A823E18DCB00B32580 /* Assets.xcassets in Resources */ = {isa = PBXBuildFile; fileRef = 845CF1A723E18DCB00B32580 /* Assets.xcassets */; };
		845CF1AB23E18DCB00B32580 /* LaunchScreen.storyboard in Resources */ = {isa = PBXBuildFile; fileRef = 845CF1A923E18DCB00B32580 /* LaunchScreen.storyboard */; };
		845CF1B723E1911D00B32580 /* dvc.swift in Sources */ = {isa = PBXBuildFile; fileRef = 845CF1B623E1911D00B32580 /* dvc.swift */; };
/* End PBXBuildFile section */

/* Begin PBXFileReference section */
		845CF19D23E18DCB00B32580 /* Ass_5.app */ = {isa = PBXFileReference; explicitFileType = wrapper.application; includeInIndex = 0; path = Ass_5.app; sourceTree = BUILT_PRODUCTS_DIR; };
		845CF1A023E18DCB00B32580 /* AppDelegate.swift */ = {isa = PBXFileReference; lastKnownFileType = sourcecode.swift; path = AppDelegate.swift; sourceTree = "<group>"; };
		845CF1A223E18DCB00B32580 /* ViewController.swift */ = {isa = PBXFileReference; lastKnownFileType = sourcecode.swift; path = ViewController.swift; sourceTree = "<group>"; };
		845CF1A523E18DCB00B32580 /* Base */ = {isa = PBXFileReference; lastKnownFileType = file.storyboard; name = Base; path = Base.lproj/Main.storyboard; sourceTree = "<group>"; };
		845CF1A723E18DCB00B32580 /* Assets.xcassets */ = {isa = PBXFileReference; lastKnownFileType = folder.assetcatalog; path = Assets.xcassets; sourceTree = "<group>"; };
		845CF1AA23E18DCB00B32580 /* Base */ = {isa = PBXFileReference; lastKnownFileType = file.storyboard; name = Base; path = Base.lproj/LaunchScreen.storyboard; sourceTree = "<group>"; };
		845CF1AC23E18DCB00B32580 /* Info.plist */ = {isa = PBXFileReference; lastKnownFileType = text.plist.xml; path = Info.plist; sourceTree = "<group>"; };
		845CF1B623E1911D00B32580 /* dvc.swift */ = {isa = PBXFileReference; fileEncoding = 4; lastKnownFileType = sourcecode.swift; path = dvc.swift; sourceTree = "<group>"; };
/* End PBXFileReference section */

/* Begin PBXFrameworksBuildPhase section */
		845CF19A23E18DCB00B32580 /* Frameworks */ = {
			isa = PBXFrameworksBuildPhase;
			buildActionMask = 2147483647;
			files = (
			);
			runOnlyForDeploymentPostprocessing = 0;
		};
/* End PBXFrameworksBuildPhase section */

/* Begin PBXGroup section */
		845CF19423E18DCB00B32580 = {
			isa = PBXGroup;
			children = (
				845CF19F23E18DCB00B32580 /* Ass_5 */,
				845CF19E23E18DCB00B32580 /* Products */,
			);
			sourceTree = "<group>";
		};
		845CF19E23E18DCB00B32580 /* Products */ = {
			isa = PBXGroup;
			children = (
				845CF19D23E18DCB00B32580 /* Ass_5.app */,
			);
			name = Products;
			sourceTree = "<group>";
		};
		845CF19F23E18DCB00B32580 /* Ass_5 */ = {
			isa = PBXGroup;
			children = (
				845CF1A023E18DCB00B32580 /* AppDelegate.swift */,
				845CF1A223E18DCB00B32580 /* ViewController.swift */,
				845CF1A423E18DCB00B32580 /* Main.storyboard */,
				845CF1A723E18DCB00B32580 /* Assets.xcassets */,
				845CF1A923E18DCB00B32580 /* LaunchScreen.storyboard */,
				845CF1AC23E18DCB00B32580 /* Info.plist */,
				845CF1B623E1911D00B32580 /* dvc.swift */,
			);
			path = Ass_5;
			sourceTree = "<group>";
		};
/* End PBXGroup section */

/* Begin PBXNativeTarget section */
		845CF19C23E18DCB00B32580 /* Ass_5 */ = {
			isa = PBXNativeTarget;
			buildConfigurationList = 845CF1AF23E18DCB00B32580 /* Build configuration list for PBXNativeTarget "Ass_5" */;
			buildPhases = (
				845CF19923E18DCB00B32580 /* Sources */,
				845CF19A23E18DCB00B32580 /* Frameworks */,
				845CF19B23E18DCB00B32580 /* Resources */,
			);
			buildRules = (
			);
			dependencies = (
			);
			name = Ass_5;
			productName = Ass_5;
			productReference = 845CF19D23E18DCB00B32580 /* Ass_5.app */;
			productType = "com.apple.product-type.application";
		};
/* End PBXNativeTarget section */

/* Begin PBXProject section */
		845CF19523E18DCB00B32580 /* Project object */ = {
			isa = PBXProject;
			attributes = {
				LastSwiftUpdateCheck = 0820;
				LastUpgradeCheck = 0820;
				ORGANIZATIONNAME = MSCICT;
				TargetAttributes = {
					845CF19C23E18DCB00B32580 = {
						CreatedOnToolsVersion = 8.2.1;
						ProvisioningStyle = Automatic;
					};
				};
			};
			buildConfigurationList = 845CF19823E18DCB00B32580 /* Build configuration list for PBXProject "Ass_5" */;
			compatibilityVersion = "Xcode 3.2";
			developmentRegion = English;
			hasScannedForEncodings = 0;
			knownRegions = (
				en,
				Base,
			);
			mainGroup = 845CF19423E18DCB00B32580;
			productRefGroup = 845CF19E23E18DCB00B32580 /* Products */;
			projectDirPath = "";
			projectRoot = "";
			targets = (
				845CF19C23E18DCB00B32580 /* Ass_5 */,
			);
		};
/* End PBXProject section */

/* Begin PBXResourcesBuildPhase section */
		845CF19B23E18DCB00B32580 /* Resources */ = {
			isa = PBXResourcesBuildPhase;
			buildActionMask = 2147483647;
			files = (
				845CF1AB23E18DCB00B32580 /* LaunchScreen.storyboard in Resources */,
				845CF1A823E18DCB00B32580 /* Assets.xcassets in Resources */,
				845CF1A623E18DCB00B32580 /* Main.storyboard in Resources */,
			);
			runOnlyForDeploymentPostprocessing = 0;
		};
/* End PBXResourcesBuildPhase section */

/* Begin PBXSourcesBuildPhase section */
		845CF19923E18DCB00B32580 /* Sources */ = {
			isa = PBXSourcesBuildPhase;
			buildActionMask = 2147483647;
			files = (
				845CF1A323E18DCB00B32580 /* ViewController.swift in Sources */,
				845CF1B723E1911D00B32580 /* dvc.swift in Sources */,
				845CF1A123E18DCB00B32580 /* AppDelegate.swift in Sources */,
			);
			runOnlyForDeploymentPostprocessing = 0;
		};
/* End PBXSourcesBuildPhase section */

/* Begin PBXVariantGroup section */
		845CF1A423E18DCB00B32580 /* Main.storyboard */ = {
			isa = PBXVariantGroup;
			children = (
				845CF1A523E18DCB00B32580 /* Base */,
			);
			name = Main.storyboard;
			sourceTree = "<group>";
		};
		845CF1A923E18DCB00B32580 /* LaunchScreen.storyboard */ = {
			isa = PBXVariantGroup;
			children = (
				845CF1AA23E18DCB00B32580 /* Base */,
			);
			name = LaunchScreen.storyboard;
			sourceTree = "<group>";
		};
/* End PBXVariantGroup section */

/* Begin XCBuildConfiguration section */
		845CF1AD23E18DCB00B32580 /* Debug */ = {
			isa = XCBuildConfiguration;
			buildSettings = {
				ALWAYS_SEARCH_USER_PATHS = NO;
				CLANG_ANALYZER_NONNULL = YES;
				CLANG_CXX_LANGUAGE_STANDARD = "gnu++0x";
				CLANG_CXX_LIBRARY = "libc++";
				CLANG_ENABLE_MODULES = YES;
				CLANG_ENABLE_OBJC_ARC = YES;
				CLANG_WARN_BOOL_CONVERSION = YES;
				CLANG_WARN_CONSTANT_CONVERSION = YES;
				CLANG_WARN_DIRECT_OBJC_ISA_USAGE = YES_ERROR;
				CLANG_WARN_DOCUMENTATION_COMMENTS = YES;
				CLANG_WARN_EMPTY_BODY = YES;
				CLANG_WARN_ENUM_CONVERSION = YES;
				CLANG_WARN_INFINITE_RECURSION = YES;
				CLANG_WARN_INT_CONVERSION = YES;
				CLANG_WARN_OBJC_ROOT_CLASS = YES_ERROR;
				CLANG_WARN_SUSPICIOUS_MOVE = YES;
				CLANG_WARN_UNREACHABLE_CODE = YES;
				CLANG_WARN__DUPLICATE_METHOD_MATCH = YES;
				"CODE_SIGN_IDENTITY[sdk=iphoneos*]" = "iPhone Developer";
				COPY_PHASE_STRIP = NO;
				DEBUG_INFORMATION_FORMAT = dwarf;
				ENABLE_STRICT_OBJC_MSGSEND = YES;
				ENABLE_TESTABILITY = YES;
				GCC_C_LANGUAGE_STANDARD = gnu99;
				GCC_DYNAMIC_NO_PIC = NO;
				GCC_NO_COMMON_BLOCKS = YES;
				GCC_OPTIMIZATION_LEVEL = 0;
				GCC_PREPROCESSOR_DEFINITIONS = (
					"DEBUG=1",
					"$(inherited)",
				);
				GCC_WARN_64_TO_32_BIT_CONVERSION = YES;
				GCC_WARN_ABOUT_RETURN_TYPE = YES_ERROR;
				GCC_WARN_UNDECLARED_SELECTOR = YES;
				GCC_WARN_UNINITIALIZED_AUTOS = YES_AGGRESSIVE;
				GCC_WARN_UNUSED_FUNCTION = YES;
				GCC_WARN_UNUSED_VARIABLE = YES;
				IPHONEOS_DEPLOYMENT_TARGET = 10.2;
				MTL_ENABLE_DEBUG_INFO = YES;
				ONLY_ACTIVE_ARCH = YES;
				SDKROOT = iphoneos;
				SWIFT_ACTIVE_COMPILATION_CONDITIONS = DEBUG;
				SWIFT_OPTIMIZATION_LEVEL = "-Onone";
			};
			name = Debug;
		};
		845CF1AE23E18DCB00B32580 /* Release */ = {
			isa = XCBuildConfiguration;
			buildSettings = {
				ALWAYS_SEARCH_USER_PATHS = NO;
				CLANG_ANALYZER_NONNULL = YES;
				CLANG_CXX_LANGUAGE_STANDARD = "gnu++0x";
				CLANG_CXX_LIBRARY = "libc++";
				CLANG_ENABLE_MODULES = YES;
				CLANG_ENABLE_OBJC_ARC = YES;
				CLANG_WARN_BOOL_CONVERSION = YES;
				CLANG_WARN_CONSTANT_CONVERSION = YES;
				CLANG_WARN_DIRECT_OBJC_ISA_USAGE = YES_ERROR;
				CLANG_WARN_DOCUMENTATION_COMMENTS = YES;
				CLANG_WARN_EMPTY_BODY = YES;
				CLANG_WARN_ENUM_CONVERSION = YES;
				CLANG_WARN_INFINITE_RECURSION = YES;
				CLANG_WARN_INT_CONVERSION = YES;
				CLANG_WARN_OBJC_ROOT_CLASS = YES_ERROR;
				CLANG_WARN_SUSPICIOUS_MOVE = YES;
				CLANG_WARN_UNREACHABLE_CODE = YES;
				CLANG_WARN__DUPLICATE_METHOD_MATCH = YES;
				"CODE_SIGN_IDENTITY[sdk=iphoneos*]" = "iPhone Developer";
				COPY_PHASE_STRIP = NO;
				DEBUG_INFORMATION_FORMAT = "dwarf-with-dsym";
				ENABLE_NS_ASSERTIONS = NO;
				ENABLE_STRICT_OBJC_MSGSEND = YES;
				GCC_C_LANGUAGE_STANDARD = gnu99;
				GCC_NO_COMMON_BLOCKS = YES;
				GCC_WARN_64_TO_32_BIT_CONVERSION = YES;
				GCC_WARN_ABOUT_RETURN_TYPE = YES_ERROR;
				GCC_WARN_UNDECLARED_SELECTOR = YES;
				GCC_WARN_UNINITIALIZED_AUTOS = YES_AGGRESSIVE;
				GCC_WARN_UNUSED_FUNCTION = YES;
				GCC_WARN_UNUSED_VARIABLE = YES;
				IPHONEOS_DEPLOYMENT_TARGET = 10.2;
				MTL_ENABLE_DEBUG_INFO = NO;
				SDKROOT = iphoneos;
				SWIFT_OPTIMIZATION_LEVEL = "-Owholemodule";
				VALIDATE_PRODUCT = YES;
			};
			name = Release;
		};
		845CF1B023E18DCB00B32580 /* Debug */ = {
			isa = XCBuildConfiguration;
			buildSettings = {
				ASSETCATALOG_COMPILER_APPICON_NAME = AppIcon;
				INFOPLIST_FILE = Ass_5/Info.plist;
				LD_RUNPATH_SEARCH_PATHS = "$(inherited) @executable_path/Frameworks";
				PRODUCT_BUNDLE_IDENTIFIER = "msc.ict.Ass-5";
				PRODUCT_NAME = "$(TARGET_NAME)";
				SWIFT_VERSION = 3.0;
			};
			name = Debug;
		};
		845CF1B123E18DCB00B32580 /* Release */ = {
			isa = XCBuildConfiguration;
			buildSettings = {
				ASSETCATALOG_COMPILER_APPICON_NAME = AppIcon;
				INFOPLIST_FILE = Ass_5/Info.plist;
				LD_RUNPATH_SEARCH_PATHS = "$(inherited) @executable_path/Frameworks";
				PRODUCT_BUNDLE_IDENTIFIER = "msc.ict.Ass-5";
				PRODUCT_NAME = "$(TARGET_NAME)";
				SWIFT_VERSION = 3.0;
			};
			name = Release;
		};
/* End XCBuildConfiguration section */

/* Begin XCConfigurationList section */
		845CF19823E18DCB00B32580 /* Build configuration list for PBXProject "Ass_5" */ = {
			isa = XCConfigurationList;
			buildConfigurations = (
				845CF1AD23E18DCB00B32580 /* Debug */,
				845CF1AE23E18DCB00B32580 /* Release */,
			);
			defaultConfigurationIsVisible = 0;
			defaultConfigurationName = Release;
		};
		845CF1AF23E18DCB00B32580 /* Build configuration list for PBXNativeTarget "Ass_5" */ = {
			isa = XCConfigurationList;
			buildConfigurations = (
				845CF1B023E18DCB00B32580 /* Debug */,
				845CF1B123E18DCB00B32580 /* Release */,
			);
			defaultConfigurationIsVisible = 0;
		};
/* End XCConfigurationList section */
	};
	rootObject = 845CF19523E18DCB00B32580 /* Project object */;
}
