// !$*UTF8*$!
{
	archiveVersion = 1;
	classes = {
	};
	objectVersion = 46;
	objects = {

/* Begin PBXBuildFile section */
		845CF18323E1897B00B32580 /* AppDelegate.swift in Sources */ = {isa = PBXBuildFile; fileRef = 845CF18223E1897B00B32580 /* AppDelegate.swift */; };
		845CF18523E1897B00B32580 /* ViewController.swift in Sources */ = {isa = PBXBuildFile; fileRef = 845CF18423E1897B00B32580 /* ViewController.swift */; };
		845CF18823E1897B00B32580 /* Main.storyboard in Resources */ = {isa = PBXBuildFile; fileRef = 845CF18623E1897B00B32580 /* Main.storyboard */; };
		845CF18A23E1897B00B32580 /* Assets.xcassets in Resources */ = {isa = PBXBuildFile; fileRef = 845CF18923E1897B00B32580 /* Assets.xcassets */; };
		845CF18D23E1897B00B32580 /* LaunchScreen.storyboard in Resources */ = {isa = PBXBuildFile; fileRef = 845CF18B23E1897B00B32580 /* LaunchScreen.storyboard */; };
/* End PBXBuildFile section */

/* Begin PBXFileReference section */
		845CF17F23E1897B00B32580 /* Ass3_Emojis.app */ = {isa = PBXFileReference; explicitFileType = wrapper.application; includeInIndex = 0; path = Ass3_Emojis.app; sourceTree = BUILT_PRODUCTS_DIR; };
		845CF18223E1897B00B32580 /* AppDelegate.swift */ = {isa = PBXFileReference; lastKnownFileType = sourcecode.swift; path = AppDelegate.swift; sourceTree = "<group>"; };
		845CF18423E1897B00B32580 /* ViewController.swift */ = {isa = PBXFileReference; lastKnownFileType = sourcecode.swift; path = ViewController.swift; sourceTree = "<group>"; };
		845CF18723E1897B00B32580 /* Base */ = {isa = PBXFileReference; lastKnownFileType = file.storyboard; name = Base; path = Base.lproj/Main.storyboard; sourceTree = "<group>"; };
		845CF18923E1897B00B32580 /* Assets.xcassets */ = {isa = PBXFileReference; lastKnownFileType = folder.assetcatalog; path = Assets.xcassets; sourceTree = "<group>"; };
		845CF18C23E1897B00B32580 /* Base */ = {isa = PBXFileReference; lastKnownFileType = file.storyboard; name = Base; path = Base.lproj/LaunchScreen.storyboard; sourceTree = "<group>"; };
		845CF18E23E1897B00B32580 /* Info.plist */ = {isa = PBXFileReference; lastKnownFileType = text.plist.xml; path = Info.plist; sourceTree = "<group>"; };
/* End PBXFileReference section */

/* Begin PBXFrameworksBuildPhase section */
		845CF17C23E1897A00B32580 /* Frameworks */ = {
			isa = PBXFrameworksBuildPhase;
			buildActionMask = 2147483647;
			files = (
			);
			runOnlyForDeploymentPostprocessing = 0;
		};
/* End PBXFrameworksBuildPhase section */

/* Begin PBXGroup section */
		845CF17623E1897A00B32580 = {
			isa = PBXGroup;
			children = (
				845CF18123E1897B00B32580 /* Ass3_Emojis */,
				845CF18023E1897B00B32580 /* Products */,
			);
			sourceTree = "<group>";
		};
		845CF18023E1897B00B32580 /* Products */ = {
			isa = PBXGroup;
			children = (
				845CF17F23E1897B00B32580 /* Ass3_Emojis.app */,
			);
			name = Products;
			sourceTree = "<group>";
		};
		845CF18123E1897B00B32580 /* Ass3_Emojis */ = {
			isa = PBXGroup;
			children = (
				845CF18223E1897B00B32580 /* AppDelegate.swift */,
				845CF18423E1897B00B32580 /* ViewController.swift */,
				845CF18623E1897B00B32580 /* Main.storyboard */,
				845CF18923E1897B00B32580 /* Assets.xcassets */,
				845CF18B23E1897B00B32580 /* LaunchScreen.storyboard */,
				845CF18E23E1897B00B32580 /* Info.plist */,
			);
			path = Ass3_Emojis;
			sourceTree = "<group>";
		};
/* End PBXGroup section */

/* Begin PBXNativeTarget section */
		845CF17E23E1897A00B32580 /* Ass3_Emojis */ = {
			isa = PBXNativeTarget;
			buildConfigurationList = 845CF19123E1897B00B32580 /* Build configuration list for PBXNativeTarget "Ass3_Emojis" */;
			buildPhases = (
				845CF17B23E1897A00B32580 /* Sources */,
				845CF17C23E1897A00B32580 /* Frameworks */,
				845CF17D23E1897A00B32580 /* Resources */,
			);
			buildRules = (
			);
			dependencies = (
			);
			name = Ass3_Emojis;
			productName = Ass3_Emojis;
			productReference = 845CF17F23E1897B00B32580 /* Ass3_Emojis.app */;
			productType = "com.apple.product-type.application";
		};
/* End PBXNativeTarget section */

/* Begin PBXProject section */
		845CF17723E1897A00B32580 /* Project object */ = {
			isa = PBXProject;
			attributes = {
				LastSwiftUpdateCheck = 0820;
				LastUpgradeCheck = 0820;
				ORGANIZATIONNAME = MSCICT;
				TargetAttributes = {
					845CF17E23E1897A00B32580 = {
						CreatedOnToolsVersion = 8.2.1;
						ProvisioningStyle = Automatic;
					};
				};
			};
			buildConfigurationList = 845CF17A23E1897A00B32580 /* Build configuration list for PBXProject "Ass3_Emojis" */;
			compatibilityVersion = "Xcode 3.2";
			developmentRegion = English;
			hasScannedForEncodings = 0;
			knownRegions = (
				en,
				Base,
			);
			mainGroup = 845CF17623E1897A00B32580;
			productRefGroup = 845CF18023E1897B00B32580 /* Products */;
			projectDirPath = "";
			projectRoot = "";
			targets = (
				845CF17E23E1897A00B32580 /* Ass3_Emojis */,
			);
		};
/* End PBXProject section */

/* Begin PBXResourcesBuildPhase section */
		845CF17D23E1897A00B32580 /* Resources */ = {
			isa = PBXResourcesBuildPhase;
			buildActionMask = 2147483647;
			files = (
				845CF18D23E1897B00B32580 /* LaunchScreen.storyboard in Resources */,
				845CF18A23E1897B00B32580 /* Assets.xcassets in Resources */,
				845CF18823E1897B00B32580 /* Main.storyboard in Resources */,
			);
			runOnlyForDeploymentPostprocessing = 0;
		};
/* End PBXResourcesBuildPhase section */

/* Begin PBXSourcesBuildPhase section */
		845CF17B23E1897A00B32580 /* Sources */ = {
			isa = PBXSourcesBuildPhase;
			buildActionMask = 2147483647;
			files = (
				845CF18523E1897B00B32580 /* ViewController.swift in Sources */,
				845CF18323E1897B00B32580 /* AppDelegate.swift in Sources */,
			);
			runOnlyForDeploymentPostprocessing = 0;
		};
/* End PBXSourcesBuildPhase section */

/* Begin PBXVariantGroup section */
		845CF18623E1897B00B32580 /* Main.storyboard */ = {
			isa = PBXVariantGroup;
			children = (
				845CF18723E1897B00B32580 /* Base */,
			);
			name = Main.storyboard;
			sourceTree = "<group>";
		};
		845CF18B23E1897B00B32580 /* LaunchScreen.storyboard */ = {
			isa = PBXVariantGroup;
			children = (
				845CF18C23E1897B00B32580 /* Base */,
			);
			name = LaunchScreen.storyboard;
			sourceTree = "<group>";
		};
/* End PBXVariantGroup section */

/* Begin XCBuildConfiguration section */
		845CF18F23E1897B00B32580 /* Debug */ = {
			isa = XCBuildConfiguration;
			buildSettings = {
				ALWAYS_SEARCH_USER_PATHS = NO;
				CLANG_ANALYZER_NONNULL = YES;
				CLANG_CXX_LANGUAGE_STANDARD = "gnu++0x";
				CLANG_CXX_LIBRARY = "libc++";
				CLANG_ENABLE_MODULES = YES;
				CLANG_ENABLE_OBJC_ARC = YES;
				CLANG_WARN_BOOL_CONVERSION = YES;
				CLANG_WARN_CONSTANT_CONVERSION = YES;
				CLANG_WARN_DIRECT_OBJC_ISA_USAGE = YES_ERROR;
				CLANG_WARN_DOCUMENTATION_COMMENTS = YES;
				CLANG_WARN_EMPTY_BODY = YES;
				CLANG_WARN_ENUM_CONVERSION = YES;
				CLANG_WARN_INFINITE_RECURSION = YES;
				CLANG_WARN_INT_CONVERSION = YES;
				CLANG_WARN_OBJC_ROOT_CLASS = YES_ERROR;
				CLANG_WARN_SUSPICIOUS_MOVE = YES;
				CLANG_WARN_UNREACHABLE_CODE = YES;
				CLANG_WARN__DUPLICATE_METHOD_MATCH = YES;
				"CODE_SIGN_IDENTITY[sdk=iphoneos*]" = "iPhone Developer";
				COPY_PHASE_STRIP = NO;
				DEBUG_INFORMATION_FORMAT = dwarf;
				ENABLE_STRICT_OBJC_MSGSEND = YES;
				ENABLE_TESTABILITY = YES;
				GCC_C_LANGUAGE_STANDARD = gnu99;
				GCC_DYNAMIC_NO_PIC = NO;
				GCC_NO_COMMON_BLOCKS = YES;
				GCC_OPTIMIZATION_LEVEL = 0;
				GCC_PREPROCESSOR_DEFINITIONS = (
					"DEBUG=1",
					"$(inherited)",
				);
				GCC_WARN_64_TO_32_BIT_CONVERSION = YES;
				GCC_WARN_ABOUT_RETURN_TYPE = YES_ERROR;
				GCC_WARN_UNDECLARED_SELECTOR = YES;
				GCC_WARN_UNINITIALIZED_AUTOS = YES_AGGRESSIVE;
				GCC_WARN_UNUSED_FUNCTION = YES;
				GCC_WARN_UNUSED_VARIABLE = YES;
				IPHONEOS_DEPLOYMENT_TARGET = 10.2;
				MTL_ENABLE_DEBUG_INFO = YES;
				ONLY_ACTIVE_ARCH = YES;
				SDKROOT = iphoneos;
				SWIFT_ACTIVE_COMPILATION_CONDITIONS = DEBUG;
				SWIFT_OPTIMIZATION_LEVEL = "-Onone";
			};
			name = Debug;
		};
		845CF19023E1897B00B32580 /* Release */ = {
			isa = XCBuildConfiguration;
			buildSettings = {
				ALWAYS_SEARCH_USER_PATHS = NO;
				CLANG_ANALYZER_NONNULL = YES;
				CLANG_CXX_LANGUAGE_STANDARD = "gnu++0x";
				CLANG_CXX_LIBRARY = "libc++";
				CLANG_ENABLE_MODULES = YES;
				CLANG_ENABLE_OBJC_ARC = YES;
				CLANG_WARN_BOOL_CONVERSION = YES;
				CLANG_WARN_CONSTANT_CONVERSION = YES;
				CLANG_WARN_DIRECT_OBJC_ISA_USAGE = YES_ERROR;
				CLANG_WARN_DOCUMENTATION_COMMENTS = YES;
				CLANG_WARN_EMPTY_BODY = YES;
				CLANG_WARN_ENUM_CONVERSION = YES;
				CLANG_WARN_INFINITE_RECURSION = YES;
				CLANG_WARN_INT_CONVERSION = YES;
				CLANG_WARN_OBJC_ROOT_CLASS = YES_ERROR;
				CLANG_WARN_SUSPICIOUS_MOVE = YES;
				CLANG_WARN_UNREACHABLE_CODE = YES;
				CLANG_WARN__DUPLICATE_METHOD_MATCH = YES;
				"CODE_SIGN_IDENTITY[sdk=iphoneos*]" = "iPhone Developer";
				COPY_PHASE_STRIP = NO;
				DEBUG_INFORMATION_FORMAT = "dwarf-with-dsym";
				ENABLE_NS_ASSERTIONS = NO;
				ENABLE_STRICT_OBJC_MSGSEND = YES;
				GCC_C_LANGUAGE_STANDARD = gnu99;
				GCC_NO_COMMON_BLOCKS = YES;
				GCC_WARN_64_TO_32_BIT_CONVERSION = YES;
				GCC_WARN_ABOUT_RETURN_TYPE = YES_ERROR;
				GCC_WARN_UNDECLARED_SELECTOR = YES;
				GCC_WARN_UNINITIALIZED_AUTOS = YES_AGGRESSIVE;
				GCC_WARN_UNUSED_FUNCTION = YES;
				GCC_WARN_UNUSED_VARIABLE = YES;
				IPHONEOS_DEPLOYMENT_TARGET = 10.2;
				MTL_ENABLE_DEBUG_INFO = NO;
				SDKROOT = iphoneos;
				SWIFT_OPTIMIZATION_LEVEL = "-Owholemodule";
				VALIDATE_PRODUCT = YES;
			};
			name = Release;
		};
		845CF19223E1897B00B32580 /* Debug */ = {
			isa = XCBuildConfiguration;
			buildSettings = {
				ASSETCATALOG_COMPILER_APPICON_NAME = AppIcon;
				INFOPLIST_FILE = Ass3_Emojis/Info.plist;
				LD_RUNPATH_SEARCH_PATHS = "$(inherited) @executable_path/Frameworks";
				PRODUCT_BUNDLE_IDENTIFIER = "msc.ict.Ass3-Emojis";
				PRODUCT_NAME = "$(TARGET_NAME)";
				SWIFT_VERSION = 3.0;
			};
			name = Debug;
		};
		845CF19323E1897B00B32580 /* Release */ = {
			isa = XCBuildConfiguration;
			buildSettings = {
				ASSETCATALOG_COMPILER_APPICON_NAME = AppIcon;
				INFOPLIST_FILE = Ass3_Emojis/Info.plist;
				LD_RUNPATH_SEARCH_PATHS = "$(inherited) @executable_path/Frameworks";
				PRODUCT_BUNDLE_IDENTIFIER = "msc.ict.Ass3-Emojis";
				PRODUCT_NAME = "$(TARGET_NAME)";
				SWIFT_VERSION = 3.0;
			};
			name = Release;
		};
/* End XCBuildConfiguration section */

/* Begin XCConfigurationList section */
		845CF17A23E1897A00B32580 /* Build configuration list for PBXProject "Ass3_Emojis" */ = {
			isa = XCConfigurationList;
			buildConfigurations = (
				845CF18F23E1897B00B32580 /* Debug */,
				845CF19023E1897B00B32580 /* Release */,
			);
			defaultConfigurationIsVisible = 0;
			defaultConfigurationName = Release;
		};
		845CF19123E1897B00B32580 /* Build configuration list for PBXNativeTarget "Ass3_Emojis" */ = {
			isa = XCConfigurationList;
			buildConfigurations = (
				845CF19223E1897B00B32580 /* Debug */,
				845CF19323E1897B00B32580 /* Release */,
			);
			defaultConfigurationIsVisible = 0;
		};
/* End XCConfigurationList section */
	};
	rootObject = 845CF17723E1897A00B32580 /* Project object */;
}
