// !$*UTF8*$!
{
	archiveVersion = 1;
	classes = {
	};
	objectVersion = 46;
	objects = {

/* Begin PBXBuildFile section */
		845CF1C523E1955900B32580 /* AppDelegate.swift in Sources */ = {isa = PBXBuildFile; fileRef = 845CF1C423E1955900B32580 /* AppDelegate.swift */; };
		845CF1C723E1955900B32580 /* ViewController.swift in Sources */ = {isa = PBXBuildFile; fileRef = 845CF1C623E1955900B32580 /* ViewController.swift */; };
		845CF1CA23E1955900B32580 /* Main.storyboard in Resources */ = {isa = PBXBuildFile; fileRef = 845CF1C823E1955900B32580 /* Main.storyboard */; };
		845CF1CC23E1955900B32580 /* Assets.xcassets in Resources */ = {isa = PBXBuildFile; fileRef = 845CF1CB23E1955900B32580 /* Assets.xcassets */; };
		845CF1CF23E1955900B32580 /* LaunchScreen.storyboard in Resources */ = {isa = PBXBuildFile; fileRef = 845CF1CD23E1955900B32580 /* LaunchScreen.storyboard */; };
		845CF1D723E196D800B32580 /* scrren1.swift in Sources */ = {isa = PBXBuildFile; fileRef = 845CF1D623E196D800B32580 /* scrren1.swift */; };
		845CF1D923E196EA00B32580 /* screen2.swift in Sources */ = {isa = PBXBuildFile; fileRef = 845CF1D823E196EA00B32580 /* screen2.swift */; };
		845CF1DB23E196FC00B32580 /* screen3.swift in Sources */ = {isa = PBXBuildFile; fileRef = 845CF1DA23E196FC00B32580 /* screen3.swift */; };
		845CF1DD23E1970D00B32580 /* screen4.swift in Sources */ = {isa = PBXBuildFile; fileRef = 845CF1DC23E1970D00B32580 /* screen4.swift */; };
		845CF1DF23E1971B00B32580 /* screen5.swift in Sources */ = {isa = PBXBuildFile; fileRef = 845CF1DE23E1971B00B32580 /* screen5.swift */; };
/* End PBXBuildFile section */

/* Begin PBXFileReference section */
		845CF1C123E1955900B32580 /* ass3_screen.app */ = {isa = PBXFileReference; explicitFileType = wrapper.application; includeInIndex = 0; path = ass3_screen.app; sourceTree = BUILT_PRODUCTS_DIR; };
		845CF1C423E1955900B32580 /* AppDelegate.swift */ = {isa = PBXFileReference; lastKnownFileType = sourcecode.swift; path = AppDelegate.swift; sourceTree = "<group>"; };
		845CF1C623E1955900B32580 /* ViewController.swift */ = {isa = PBXFileReference; lastKnownFileType = sourcecode.swift; path = ViewController.swift; sourceTree = "<group>"; };
		845CF1C923E1955900B32580 /* Base */ = {isa = PBXFileReference; lastKnownFileType = file.storyboard; name = Base; path = Base.lproj/Main.storyboard; sourceTree = "<group>"; };
		845CF1CB23E1955900B32580 /* Assets.xcassets */ = {isa = PBXFileReference; lastKnownFileType = folder.assetcatalog; path = Assets.xcassets; sourceTree = "<group>"; };
		845CF1CE23E1955900B32580 /* Base */ = {isa = PBXFileReference; lastKnownFileType = file.storyboard; name = Base; path = Base.lproj/LaunchScreen.storyboard; sourceTree = "<group>"; };
		845CF1D023E1955900B32580 /* Info.plist */ = {isa = PBXFileReference; lastKnownFileType = text.plist.xml; path = Info.plist; sourceTree = "<group>"; };
		845CF1D623E196D800B32580 /* scrren1.swift */ = {isa = PBXFileReference; fileEncoding = 4; lastKnownFileType = sourcecode.swift; path = scrren1.swift; sourceTree = "<group>"; };
		845CF1D823E196EA00B32580 /* screen2.swift */ = {isa = PBXFileReference; fileEncoding = 4; lastKnownFileType = sourcecode.swift; path = screen2.swift; sourceTree = "<group>"; };
		845CF1DA23E196FC00B32580 /* screen3.swift */ = {isa = PBXFileReference; fileEncoding = 4; lastKnownFileType = sourcecode.swift; path = screen3.swift; sourceTree = "<group>"; };
		845CF1DC23E1970D00B32580 /* screen4.swift */ = {isa = PBXFileReference; fileEncoding = 4; lastKnownFileType = sourcecode.swift; path = screen4.swift; sourceTree = "<group>"; };
		845CF1DE23E1971B00B32580 /* screen5.swift */ = {isa = PBXFileReference; fileEncoding = 4; lastKnownFileType = sourcecode.swift; path = screen5.swift; sourceTree = "<group>"; };
/* End PBXFileReference section */

/* Begin PBXFrameworksBuildPhase section */
		845CF1BE23E1955900B32580 /* Frameworks */ = {
			isa = PBXFrameworksBuildPhase;
			buildActionMask = 2147483647;
			files = (
			);
			runOnlyForDeploymentPostprocessing = 0;
		};
/* End PBXFrameworksBuildPhase section */

/* Begin PBXGroup section */
		845CF1B823E1955900B32580 = {
			isa = PBXGroup;
			children = (
				845CF1C323E1955900B32580 /* ass3_screen */,
				845CF1C223E1955900B32580 /* Products */,
			);
			sourceTree = "<group>";
		};
		845CF1C223E1955900B32580 /* Products */ = {
			isa = PBXGroup;
			children = (
				845CF1C123E1955900B32580 /* ass3_screen.app */,
			);
			name = Products;
			sourceTree = "<group>";
		};
		845CF1C323E1955900B32580 /* ass3_screen */ = {
			isa = PBXGroup;
			children = (
				845CF1C423E1955900B32580 /* AppDelegate.swift */,
				845CF1C623E1955900B32580 /* ViewController.swift */,
				845CF1C823E1955900B32580 /* Main.storyboard */,
				845CF1CB23E1955900B32580 /* Assets.xcassets */,
				845CF1CD23E1955900B32580 /* LaunchScreen.storyboard */,
				845CF1D023E1955900B32580 /* Info.plist */,
				845CF1D623E196D800B32580 /* scrren1.swift */,
				845CF1D823E196EA00B32580 /* screen2.swift */,
				845CF1DA23E196FC00B32580 /* screen3.swift */,
				845CF1DC23E1970D00B32580 /* screen4.swift */,
				845CF1DE23E1971B00B32580 /* screen5.swift */,
			);
			path = ass3_screen;
			sourceTree = "<group>";
		};
/* End PBXGroup section */

/* Begin PBXNativeTarget section */
		845CF1C023E1955900B32580 /* ass3_screen */ = {
			isa = PBXNativeTarget;
			buildConfigurationList = 845CF1D323E1955900B32580 /* Build configuration list for PBXNativeTarget "ass3_screen" */;
			buildPhases = (
				845CF1BD23E1955900B32580 /* Sources */,
				845CF1BE23E1955900B32580 /* Frameworks */,
				845CF1BF23E1955900B32580 /* Resources */,
			);
			buildRules = (
			);
			dependencies = (
			);
			name = ass3_screen;
			productName = ass3_screen;
			productReference = 845CF1C123E1955900B32580 /* ass3_screen.app */;
			productType = "com.apple.product-type.application";
		};
/* End PBXNativeTarget section */

/* Begin PBXProject section */
		845CF1B923E1955900B32580 /* Project object */ = {
			isa = PBXProject;
			attributes = {
				LastSwiftUpdateCheck = 0820;
				LastUpgradeCheck = 0820;
				ORGANIZATIONNAME = MSCICT;
				TargetAttributes = {
					845CF1C023E1955900B32580 = {
						CreatedOnToolsVersion = 8.2.1;
						ProvisioningStyle = Automatic;
					};
				};
			};
			buildConfigurationList = 845CF1BC23E1955900B32580 /* Build configuration list for PBXProject "ass3_screen" */;
			compatibilityVersion = "Xcode 3.2";
			developmentRegion = English;
			hasScannedForEncodings = 0;
			knownRegions = (
				en,
				Base,
			);
			mainGroup = 845CF1B823E1955900B32580;
			productRefGroup = 845CF1C223E1955900B32580 /* Products */;
			projectDirPath = "";
			projectRoot = "";
			targets = (
				845CF1C023E1955900B32580 /* ass3_screen */,
			);
		};
/* End PBXProject section */

/* Begin PBXResourcesBuildPhase section */
		845CF1BF23E1955900B32580 /* Resources */ = {
			isa = PBXResourcesBuildPhase;
			buildActionMask = 2147483647;
			files = (
				845CF1CF23E1955900B32580 /* LaunchScreen.storyboard in Resources */,
				845CF1CC23E1955900B32580 /* Assets.xcassets in Resources */,
				845CF1CA23E1955900B32580 /* Main.storyboard in Resources */,
			);
			runOnlyForDeploymentPostprocessing = 0;
		};
/* End PBXResourcesBuildPhase section */

/* Begin PBXSourcesBuildPhase section */
		845CF1BD23E1955900B32580 /* Sources */ = {
			isa = PBXSourcesBuildPhase;
			buildActionMask = 2147483647;
			files = (
				845CF1C723E1955900B32580 /* ViewController.swift in Sources */,
				845CF1C523E1955900B32580 /* AppDelegate.swift in Sources */,
				845CF1DF23E1971B00B32580 /* screen5.swift in Sources */,
				845CF1DD23E1970D00B32580 /* screen4.swift in Sources */,
				845CF1D923E196EA00B32580 /* screen2.swift in Sources */,
				845CF1DB23E196FC00B32580 /* screen3.swift in Sources */,
				845CF1D723E196D800B32580 /* scrren1.swift in Sources */,
			);
			runOnlyForDeploymentPostprocessing = 0;
		};
/* End PBXSourcesBuildPhase section */

/* Begin PBXVariantGroup section */
		845CF1C823E1955900B32580 /* Main.storyboard */ = {
			isa = PBXVariantGroup;
			children = (
				845CF1C923E1955900B32580 /* Base */,
			);
			name = Main.storyboard;
			sourceTree = "<group>";
		};
		845CF1CD23E1955900B32580 /* LaunchScreen.storyboard */ = {
			isa = PBXVariantGroup;
			children = (
				845CF1CE23E1955900B32580 /* Base */,
			);
			name = LaunchScreen.storyboard;
			sourceTree = "<group>";
		};
/* End PBXVariantGroup section */

/* Begin XCBuildConfiguration section */
		845CF1D123E1955900B32580 /* Debug */ = {
			isa = XCBuildConfiguration;
			buildSettings = {
				ALWAYS_SEARCH_USER_PATHS = NO;
				CLANG_ANALYZER_NONNULL = YES;
				CLANG_CXX_LANGUAGE_STANDARD = "gnu++0x";
				CLANG_CXX_LIBRARY = "libc++";
				CLANG_ENABLE_MODULES = YES;
				CLANG_ENABLE_OBJC_ARC = YES;
				CLANG_WARN_BOOL_CONVERSION = YES;
				CLANG_WARN_CONSTANT_CONVERSION = YES;
				CLANG_WARN_DIRECT_OBJC_ISA_USAGE = YES_ERROR;
				CLANG_WARN_DOCUMENTATION_COMMENTS = YES;
				CLANG_WARN_EMPTY_BODY = YES;
				CLANG_WARN_ENUM_CONVERSION = YES;
				CLANG_WARN_INFINITE_RECURSION = YES;
				CLANG_WARN_INT_CONVERSION = YES;
				CLANG_WARN_OBJC_ROOT_CLASS = YES_ERROR;
				CLANG_WARN_SUSPICIOUS_MOVE = YES;
				CLANG_WARN_UNREACHABLE_CODE = YES;
				CLANG_WARN__DUPLICATE_METHOD_MATCH = YES;
				"CODE_SIGN_IDENTITY[sdk=iphoneos*]" = "iPhone Developer";
				COPY_PHASE_STRIP = NO;
				DEBUG_INFORMATION_FORMAT = dwarf;
				ENABLE_STRICT_OBJC_MSGSEND = YES;
				ENABLE_TESTABILITY = YES;
				GCC_C_LANGUAGE_STANDARD = gnu99;
				GCC_DYNAMIC_NO_PIC = NO;
				GCC_NO_COMMON_BLOCKS = YES;
				GCC_OPTIMIZATION_LEVEL = 0;
				GCC_PREPROCESSOR_DEFINITIONS = (
					"DEBUG=1",
					"$(inherited)",
				);
				GCC_WARN_64_TO_32_BIT_CONVERSION = YES;
				GCC_WARN_ABOUT_RETURN_TYPE = YES_ERROR;
				GCC_WARN_UNDECLARED_SELECTOR = YES;
				GCC_WARN_UNINITIALIZED_AUTOS = YES_AGGRESSIVE;
				GCC_WARN_UNUSED_FUNCTION = YES;
				GCC_WARN_UNUSED_VARIABLE = YES;
				IPHONEOS_DEPLOYMENT_TARGET = 10.2;
				MTL_ENABLE_DEBUG_INFO = YES;
				ONLY_ACTIVE_ARCH = YES;
				SDKROOT = iphoneos;
				SWIFT_ACTIVE_COMPILATION_CONDITIONS = DEBUG;
				SWIFT_OPTIMIZATION_LEVEL = "-Onone";
			};
			name = Debug;
		};
		845CF1D223E1955900B32580 /* Release */ = {
			isa = XCBuildConfiguration;
			buildSettings = {
				ALWAYS_SEARCH_USER_PATHS = NO;
				CLANG_ANALYZER_NONNULL = YES;
				CLANG_CXX_LANGUAGE_STANDARD = "gnu++0x";
				CLANG_CXX_LIBRARY = "libc++";
				CLANG_ENABLE_MODULES = YES;
				CLANG_ENABLE_OBJC_ARC = YES;
				CLANG_WARN_BOOL_CONVERSION = YES;
				CLANG_WARN_CONSTANT_CONVERSION = YES;
				CLANG_WARN_DIRECT_OBJC_ISA_USAGE = YES_ERROR;
				CLANG_WARN_DOCUMENTATION_COMMENTS = YES;
				CLANG_WARN_EMPTY_BODY = YES;
				CLANG_WARN_ENUM_CONVERSION = YES;
				CLANG_WARN_INFINITE_RECURSION = YES;
				CLANG_WARN_INT_CONVERSION = YES;
				CLANG_WARN_OBJC_ROOT_CLASS = YES_ERROR;
				CLANG_WARN_SUSPICIOUS_MOVE = YES;
				CLANG_WARN_UNREACHABLE_CODE = YES;
				CLANG_WARN__DUPLICATE_METHOD_MATCH = YES;
				"CODE_SIGN_IDENTITY[sdk=iphoneos*]" = "iPhone Developer";
				COPY_PHASE_STRIP = NO;
				DEBUG_INFORMATION_FORMAT = "dwarf-with-dsym";
				ENABLE_NS_ASSERTIONS = NO;
				ENABLE_STRICT_OBJC_MSGSEND = YES;
				GCC_C_LANGUAGE_STANDARD = gnu99;
				GCC_NO_COMMON_BLOCKS = YES;
				GCC_WARN_64_TO_32_BIT_CONVERSION = YES;
				GCC_WARN_ABOUT_RETURN_TYPE = YES_ERROR;
				GCC_WARN_UNDECLARED_SELECTOR = YES;
				GCC_WARN_UNINITIALIZED_AUTOS = YES_AGGRESSIVE;
				GCC_WARN_UNUSED_FUNCTION = YES;
				GCC_WARN_UNUSED_VARIABLE = YES;
				IPHONEOS_DEPLOYMENT_TARGET = 10.2;
				MTL_ENABLE_DEBUG_INFO = NO;
				SDKROOT = iphoneos;
				SWIFT_OPTIMIZATION_LEVEL = "-Owholemodule";
				VALIDATE_PRODUCT = YES;
			};
			name = Release;
		};
		845CF1D423E1955900B32580 /* Debug */ = {
			isa = XCBuildConfiguration;
			buildSettings = {
				ASSETCATALOG_COMPILER_APPICON_NAME = AppIcon;
				INFOPLIST_FILE = ass3_screen/Info.plist;
				LD_RUNPATH_SEARCH_PATHS = "$(inherited) @executable_path/Frameworks";
				PRODUCT_BUNDLE_IDENTIFIER = "msc.ict.ass3-screen";
				PRODUCT_NAME = "$(TARGET_NAME)";
				SWIFT_VERSION = 3.0;
			};
			name = Debug;
		};
		845CF1D523E1955900B32580 /* Release */ = {
			isa = XCBuildConfiguration;
			buildSettings = {
				ASSETCATALOG_COMPILER_APPICON_NAME = AppIcon;
				INFOPLIST_FILE = ass3_screen/Info.plist;
				LD_RUNPATH_SEARCH_PATHS = "$(inherited) @executable_path/Frameworks";
				PRODUCT_BUNDLE_IDENTIFIER = "msc.ict.ass3-screen";
				PRODUCT_NAME = "$(TARGET_NAME)";
				SWIFT_VERSION = 3.0;
			};
			name = Release;
		};
/* End XCBuildConfiguration section */

/* Begin XCConfigurationList section */
		845CF1BC23E1955900B32580 /* Build configuration list for PBXProject "ass3_screen" */ = {
			isa = XCConfigurationList;
			buildConfigurations = (
				845CF1D123E1955900B32580 /* Debug */,
				845CF1D223E1955900B32580 /* Release */,
			);
			defaultConfigurationIsVisible = 0;
			defaultConfigurationName = Release;
		};
		845CF1D323E1955900B32580 /* Build configuration list for PBXNativeTarget "ass3_screen" */ = {
			isa = XCConfigurationList;
			buildConfigurations = (
				845CF1D423E1955900B32580 /* Debug */,
				845CF1D523E1955900B32580 /* Release */,
			);
			defaultConfigurationIsVisible = 0;
		};
/* End XCConfigurationList section */
	};
	rootObject = 845CF1B923E1955900B32580 /* Project object */;
}
